
Microsoft Visual Studio Solution File, Format Version 12.00
# Visual Studio Version 17
VisualStudioVersion = 17.3.32811.315
MinimumVisualStudioVersion = 10.0.40219.1
Project("{FAE04EC0-301F-11D3-BF4B-00C04F79EFBC}") = "AnshiGit2", "AnshiGit2\AnshiGit2.csproj", "{59EDA7BD-1295-4E0F-A86D-F8209802B97D}"
EndProject
Global
	GlobalSection(SolutionConfigurationPlatforms) = preSolution
		Debug|Any CPU = Debug|Any CPU
		Release|Any CPU = Release|Any CPU
	EndGlobalSection
	GlobalSection(ProjectConfigurationPlatforms) = postSolution
		{59EDA7BD-1295-4E0F-A86D-F8209802B97D}.Debug|Any CPU.ActiveCfg = Debug|Any CPU
		{59EDA7BD-1295-4E0F-A86D-F8209802B97D}.Debug|Any CPU.Build.0 = Debug|Any CPU
		{59EDA7BD-1295-4E0F-A86D-F8209802B97D}.Release|Any CPU.ActiveCfg = Release|Any CPU
		{59EDA7BD-1295-4E0F-A86D-F8209802B97D}.Release|Any CPU.Build.0 = Release|Any CPU
	EndGlobalSection
	GlobalSection(SolutionProperties) = preSolution
		HideSolutionNode = FALSE
	EndGlobalSection
	GlobalSection(ExtensibilityGlobals) = postSolution
		SolutionGuid = {97995ABE-BA05-4977-A433-1784045B2040}
	EndGlobalSection
EndGlobal
